
Microsoft Visual Studio Solution File, Format Version 11.00
# Visual Studio 2010
Project("{FAE04EC0-301F-11D3-BF4B-00C04F79EFBC}") = "Openend_SIP", "Openend_SIP\Openend_SIP.csproj", "{25F263A4-F7F3-4793-B251-5C6B62643476}"
EndProject
Project("{2150E333-8FDC-42A3-9474-1A3956D46DE8}") = "Collection", "Collection", "{49BE503B-3BF8-4324-9FFC-C4135A05E139}"
EndProject
Project("{FAE04EC0-301F-11D3-BF4B-00C04F79EFBC}") = "ATTCollection", "ATTCollection\ATTCollection.csproj", "{64B86C11-7B70-4C88-BBCB-51069EF8904A}"
EndProject
Project("{2150E333-8FDC-42A3-9474-1A3956D46DE8}") = "Common", "Common", "{D6F93FCD-377A-4AF6-8E7A-9D589FC73771}"
EndProject
Project("{FAE04EC0-301F-11D3-BF4B-00C04F79EFBC}") = "SI.ATT.Common", "SI.ATT.Common\SI.ATT.Common.csproj", "{5547AB8C-DAE2-4D81-9FE8-243E8690A07B}"
EndProject
Project("{FAE04EC0-301F-11D3-BF4B-00C04F79EFBC}") = "SI.Common.BLL", "SI.Common.BLL\SI.Common.BLL.csproj", "{C8A7698B-8A04-423D-A1B7-92B04BE37438}"
EndProject
Project("{FAE04EC0-301F-11D3-BF4B-00C04F79EFBC}") = "SI.Common.DLL", "SI.Common.DLL\SI.Common.DLL.csproj", "{7132D7A3-DA9E-4F19-9E2A-87EC549BE367}"
EndProject
Project("{2150E333-8FDC-42A3-9474-1A3956D46DE8}") = "Dividend", "Dividend", "{A9B93F73-6204-4039-B6E1-290F443F4E7F}"
EndProject
Project("{FAE04EC0-301F-11D3-BF4B-00C04F79EFBC}") = "SI.Dividend.ATT", "SI.Dividend.ATT\SI.Dividend.ATT.csproj", "{99D65FD8-F771-4B20-875D-EC55AB27E705}"
EndProject
Project("{FAE04EC0-301F-11D3-BF4B-00C04F79EFBC}") = "SI.Dividend.BLL", "SI.Dividend.BLL\SI.Dividend.BLL.csproj", "{3866B4EF-5F16-4CB0-96FA-FA8E232AD7E3}"
EndProject
Project("{FAE04EC0-301F-11D3-BF4B-00C04F79EFBC}") = "SI.Dividend.DLL", "SI.Dividend.DLL\SI.Dividend.DLL.csproj", "{CF9626CE-5837-495F-8917-36670CCE9FF6}"
EndProject
Project("{2150E333-8FDC-42A3-9474-1A3956D46DE8}") = "KYC", "KYC", "{F4F890D5-B9BC-410E-A3F5-17F19FCFD2A3}"
EndProject
Project("{FAE04EC0-301F-11D3-BF4B-00C04F79EFBC}") = "SI.KYC.ATT", "SI.KYC.ATT\SI.KYC.ATT.csproj", "{E312CA7D-D991-418E-96A9-1AF2287D42EC}"
EndProject
Project("{2150E333-8FDC-42A3-9474-1A3956D46DE8}") = "Request Handling", "Request Handling", "{B1B9EFA7-AF81-4671-B557-C11E5E5D1C0F}"
EndProject
Project("{FAE04EC0-301F-11D3-BF4B-00C04F79EFBC}") = "SI.RequestHandling.ATT", "SI.RequestHandling.ATT\SI.RequestHandling.ATT.csproj", "{F7F9B800-BF58-4C3F-86CD-1B9F582F6593}"
EndProject
Project("{FAE04EC0-301F-11D3-BF4B-00C04F79EFBC}") = "SI.RequestHandling.BLL", "SI.RequestHandling.BLL\SI.RequestHandling.BLL.csproj", "{D217A574-E68C-4071-8A10-D4334677C078}"
EndProject
Project("{FAE04EC0-301F-11D3-BF4B-00C04F79EFBC}") = "SI.RequestHandling.DLL", "SI.RequestHandling.DLL\SI.RequestHandling.DLL.csproj", "{6B4F9F51-6504-4E58-A70C-3B83B3A154A8}"
EndProject
Project("{2150E333-8FDC-42A3-9474-1A3956D46DE8}") = "Security", "Security", "{65F44DA1-F672-4D01-AB59-2A90DFEC02D2}"
EndProject
Project("{FAE04EC0-301F-11D3-BF4B-00C04F79EFBC}") = "SI.Security.ATT", "SI.Security.ATT\SI.Security.ATT.csproj", "{E9FE0346-31F3-4341-BAA1-40E67120C9AB}"
EndProject
Project("{FAE04EC0-301F-11D3-BF4B-00C04F79EFBC}") = "SI.Security.BLL", "SI.Security.BLL\SI.Security.BLL.csproj", "{FDF203FC-2339-4083-93D1-DADD53EE0D68}"
EndProject
Project("{FAE04EC0-301F-11D3-BF4B-00C04F79EFBC}") = "SI.Security.DLL", "SI.Security.DLL\SI.Security.DLL.csproj", "{FF57EF49-9839-4834-8353-05DB68F58EB3}"
EndProject
Project("{2150E333-8FDC-42A3-9474-1A3956D46DE8}") = "SIPHandling", "SIPHandling", "{03691991-361B-4B74-895D-DB4201A08014}"
EndProject
Project("{FAE04EC0-301F-11D3-BF4B-00C04F79EFBC}") = "SI.SIPHandling.ATT", "SI.SIPHandling.ATT\SI.SIPHandling.ATT.csproj", "{F1166116-1855-4348-AF62-67E5E641D575}"
EndProject
Project("{FAE04EC0-301F-11D3-BF4B-00C04F79EFBC}") = "SI.SIPHandling.BLL", "SI.SIPHandling.BLL\SI.SIPHandling.BLL.csproj", "{8C321D4D-F7CB-4A06-A62A-A9BF15ED5358}"
EndProject
Project("{FAE04EC0-301F-11D3-BF4B-00C04F79EFBC}") = "SI.SIPHandling.DLL", "SI.SIPHandling.DLL\SI.SIPHandling.DLL.csproj", "{DAF1A1B2-5F57-46B3-9526-92166816E666}"
EndProject
Project("{2150E333-8FDC-42A3-9474-1A3956D46DE8}") = "Utility", "Utility", "{ECA53B30-4BE0-4DC9-ACEF-5B3AEE67CC76}"
EndProject
Project("{FAE04EC0-301F-11D3-BF4B-00C04F79EFBC}") = "SI.Utility", "SI.Utility\SI.Utility.csproj", "{BF03EB7B-66AF-49FB-86E7-367C5370F5F2}"
EndProject
Global
	GlobalSection(SolutionConfigurationPlatforms) = preSolution
		Debug|Any CPU = Debug|Any CPU
		Release|Any CPU = Release|Any CPU
	EndGlobalSection
	GlobalSection(ProjectConfigurationPlatforms) = postSolution
		{25F263A4-F7F3-4793-B251-5C6B62643476}.Debug|Any CPU.ActiveCfg = Debug|Any CPU
		{25F263A4-F7F3-4793-B251-5C6B62643476}.Debug|Any CPU.Build.0 = Debug|Any CPU
		{25F263A4-F7F3-4793-B251-5C6B62643476}.Release|Any CPU.ActiveCfg = Release|Any CPU
		{25F263A4-F7F3-4793-B251-5C6B62643476}.Release|Any CPU.Build.0 = Release|Any CPU
		{64B86C11-7B70-4C88-BBCB-51069EF8904A}.Debug|Any CPU.ActiveCfg = Debug|Any CPU
		{64B86C11-7B70-4C88-BBCB-51069EF8904A}.Debug|Any CPU.Build.0 = Debug|Any CPU
		{64B86C11-7B70-4C88-BBCB-51069EF8904A}.Release|Any CPU.ActiveCfg = Release|Any CPU
		{64B86C11-7B70-4C88-BBCB-51069EF8904A}.Release|Any CPU.Build.0 = Release|Any CPU
		{5547AB8C-DAE2-4D81-9FE8-243E8690A07B}.Debug|Any CPU.ActiveCfg = Debug|Any CPU
		{5547AB8C-DAE2-4D81-9FE8-243E8690A07B}.Debug|Any CPU.Build.0 = Debug|Any CPU
		{5547AB8C-DAE2-4D81-9FE8-243E8690A07B}.Release|Any CPU.ActiveCfg = Release|Any CPU
		{5547AB8C-DAE2-4D81-9FE8-243E8690A07B}.Release|Any CPU.Build.0 = Release|Any CPU
		{C8A7698B-8A04-423D-A1B7-92B04BE37438}.Debug|Any CPU.ActiveCfg = Debug|Any CPU
		{C8A7698B-8A04-423D-A1B7-92B04BE37438}.Debug|Any CPU.Build.0 = Debug|Any CPU
		{C8A7698B-8A04-423D-A1B7-92B04BE37438}.Release|Any CPU.ActiveCfg = Release|Any CPU
		{C8A7698B-8A04-423D-A1B7-92B04BE37438}.Release|Any CPU.Build.0 = Release|Any CPU
		{7132D7A3-DA9E-4F19-9E2A-87EC549BE367}.Debug|Any CPU.ActiveCfg = Debug|Any CPU
		{7132D7A3-DA9E-4F19-9E2A-87EC549BE367}.Debug|Any CPU.Build.0 = Debug|Any CPU
		{7132D7A3-DA9E-4F19-9E2A-87EC549BE367}.Release|Any CPU.ActiveCfg = Release|Any CPU
		{7132D7A3-DA9E-4F19-9E2A-87EC549BE367}.Release|Any CPU.Build.0 = Release|Any CPU
		{99D65FD8-F771-4B20-875D-EC55AB27E705}.Debug|Any CPU.ActiveCfg = Debug|Any CPU
		{99D65FD8-F771-4B20-875D-EC55AB27E705}.Debug|Any CPU.Build.0 = Debug|Any CPU
		{99D65FD8-F771-4B20-875D-EC55AB27E705}.Release|Any CPU.ActiveCfg = Release|Any CPU
		{99D65FD8-F771-4B20-875D-EC55AB27E705}.Release|Any CPU.Build.0 = Release|Any CPU
		{3866B4EF-5F16-4CB0-96FA-FA8E232AD7E3}.Debug|Any CPU.ActiveCfg = Debug|Any CPU
		{3866B4EF-5F16-4CB0-96FA-FA8E232AD7E3}.Debug|Any CPU.Build.0 = Debug|Any CPU
		{3866B4EF-5F16-4CB0-96FA-FA8E232AD7E3}.Release|Any CPU.ActiveCfg = Release|Any CPU
		{3866B4EF-5F16-4CB0-96FA-FA8E232AD7E3}.Release|Any CPU.Build.0 = Release|Any CPU
		{CF9626CE-5837-495F-8917-36670CCE9FF6}.Debug|Any CPU.ActiveCfg = Debug|Any CPU
		{CF9626CE-5837-495F-8917-36670CCE9FF6}.Debug|Any CPU.Build.0 = Debug|Any CPU
		{CF9626CE-5837-495F-8917-36670CCE9FF6}.Release|Any CPU.ActiveCfg = Release|Any CPU
		{CF9626CE-5837-495F-8917-36670CCE9FF6}.Release|Any CPU.Build.0 = Release|Any CPU
		{E312CA7D-D991-418E-96A9-1AF2287D42EC}.Debug|Any CPU.ActiveCfg = Debug|Any CPU
		{E312CA7D-D991-418E-96A9-1AF2287D42EC}.Debug|Any CPU.Build.0 = Debug|Any CPU
		{E312CA7D-D991-418E-96A9-1AF2287D42EC}.Release|Any CPU.ActiveCfg = Release|Any CPU
		{E312CA7D-D991-418E-96A9-1AF2287D42EC}.Release|Any CPU.Build.0 = Release|Any CPU
		{F7F9B800-BF58-4C3F-86CD-1B9F582F6593}.Debug|Any CPU.ActiveCfg = Debug|Any CPU
		{F7F9B800-BF58-4C3F-86CD-1B9F582F6593}.Debug|Any CPU.Build.0 = Debug|Any CPU
		{F7F9B800-BF58-4C3F-86CD-1B9F582F6593}.Release|Any CPU.ActiveCfg = Release|Any CPU
		{F7F9B800-BF58-4C3F-86CD-1B9F582F6593}.Release|Any CPU.Build.0 = Release|Any CPU
		{D217A574-E68C-4071-8A10-D4334677C078}.Debug|Any CPU.ActiveCfg = Debug|Any CPU
		{D217A574-E68C-4071-8A10-D4334677C078}.Debug|Any CPU.Build.0 = Debug|Any CPU
		{D217A574-E68C-4071-8A10-D4334677C078}.Release|Any CPU.ActiveCfg = Release|Any CPU
		{D217A574-E68C-4071-8A10-D4334677C078}.Release|Any CPU.Build.0 = Release|Any CPU
		{6B4F9F51-6504-4E58-A70C-3B83B3A154A8}.Debug|Any CPU.ActiveCfg = Debug|Any CPU
		{6B4F9F51-6504-4E58-A70C-3B83B3A154A8}.Debug|Any CPU.Build.0 = Debug|Any CPU
		{6B4F9F51-6504-4E58-A70C-3B83B3A154A8}.Release|Any CPU.ActiveCfg = Release|Any CPU
		{6B4F9F51-6504-4E58-A70C-3B83B3A154A8}.Release|Any CPU.Build.0 = Release|Any CPU
		{E9FE0346-31F3-4341-BAA1-40E67120C9AB}.Debug|Any CPU.ActiveCfg = Debug|Any CPU
		{E9FE0346-31F3-4341-BAA1-40E67120C9AB}.Debug|Any CPU.Build.0 = Debug|Any CPU
		{E9FE0346-31F3-4341-BAA1-40E67120C9AB}.Release|Any CPU.ActiveCfg = Release|Any CPU
		{E9FE0346-31F3-4341-BAA1-40E67120C9AB}.Release|Any CPU.Build.0 = Release|Any CPU
		{FDF203FC-2339-4083-93D1-DADD53EE0D68}.Debug|Any CPU.ActiveCfg = Debug|Any CPU
		{FDF203FC-2339-4083-93D1-DADD53EE0D68}.Debug|Any CPU.Build.0 = Debug|Any CPU
		{FDF203FC-2339-4083-93D1-DADD53EE0D68}.Release|Any CPU.ActiveCfg = Release|Any CPU
		{FDF203FC-2339-4083-93D1-DADD53EE0D68}.Release|Any CPU.Build.0 = Release|Any CPU
		{FF57EF49-9839-4834-8353-05DB68F58EB3}.Debug|Any CPU.ActiveCfg = Debug|Any CPU
		{FF57EF49-9839-4834-8353-05DB68F58EB3}.Debug|Any CPU.Build.0 = Debug|Any CPU
		{FF57EF49-9839-4834-8353-05DB68F58EB3}.Release|Any CPU.ActiveCfg = Release|Any CPU
		{FF57EF49-9839-4834-8353-05DB68F58EB3}.Release|Any CPU.Build.0 = Release|Any CPU
		{F1166116-1855-4348-AF62-67E5E641D575}.Debug|Any CPU.ActiveCfg = Debug|Any CPU
		{F1166116-1855-4348-AF62-67E5E641D575}.Debug|Any CPU.Build.0 = Debug|Any CPU
		{F1166116-1855-4348-AF62-67E5E641D575}.Release|Any CPU.ActiveCfg = Release|Any CPU
		{F1166116-1855-4348-AF62-67E5E641D575}.Release|Any CPU.Build.0 = Release|Any CPU
		{8C321D4D-F7CB-4A06-A62A-A9BF15ED5358}.Debug|Any CPU.ActiveCfg = Debug|Any CPU
		{8C321D4D-F7CB-4A06-A62A-A9BF15ED5358}.Debug|Any CPU.Build.0 = Debug|Any CPU
		{8C321D4D-F7CB-4A06-A62A-A9BF15ED5358}.Release|Any CPU.ActiveCfg = Release|Any CPU
		{8C321D4D-F7CB-4A06-A62A-A9BF15ED5358}.Release|Any CPU.Build.0 = Release|Any CPU
		{DAF1A1B2-5F57-46B3-9526-92166816E666}.Debug|Any CPU.ActiveCfg = Debug|Any CPU
		{DAF1A1B2-5F57-46B3-9526-92166816E666}.Debug|Any CPU.Build.0 = Debug|Any CPU
		{DAF1A1B2-5F57-46B3-9526-92166816E666}.Release|Any CPU.ActiveCfg = Release|Any CPU
		{DAF1A1B2-5F57-46B3-9526-92166816E666}.Release|Any CPU.Build.0 = Release|Any CPU
		{BF03EB7B-66AF-49FB-86E7-367C5370F5F2}.Debug|Any CPU.ActiveCfg = Debug|Any CPU
		{BF03EB7B-66AF-49FB-86E7-367C5370F5F2}.Debug|Any CPU.Build.0 = Debug|Any CPU
		{BF03EB7B-66AF-49FB-86E7-367C5370F5F2}.Release|Any CPU.ActiveCfg = Release|Any CPU
		{BF03EB7B-66AF-49FB-86E7-367C5370F5F2}.Release|Any CPU.Build.0 = Release|Any CPU
	EndGlobalSection
	GlobalSection(SolutionProperties) = preSolution
		HideSolutionNode = FALSE
	EndGlobalSection
	GlobalSection(NestedProjects) = preSolution
		{64B86C11-7B70-4C88-BBCB-51069EF8904A} = {49BE503B-3BF8-4324-9FFC-C4135A05E139}
		{5547AB8C-DAE2-4D81-9FE8-243E8690A07B} = {D6F93FCD-377A-4AF6-8E7A-9D589FC73771}
		{C8A7698B-8A04-423D-A1B7-92B04BE37438} = {D6F93FCD-377A-4AF6-8E7A-9D589FC73771}
		{7132D7A3-DA9E-4F19-9E2A-87EC549BE367} = {D6F93FCD-377A-4AF6-8E7A-9D589FC73771}
		{99D65FD8-F771-4B20-875D-EC55AB27E705} = {A9B93F73-6204-4039-B6E1-290F443F4E7F}
		{3866B4EF-5F16-4CB0-96FA-FA8E232AD7E3} = {A9B93F73-6204-4039-B6E1-290F443F4E7F}
		{CF9626CE-5837-495F-8917-36670CCE9FF6} = {A9B93F73-6204-4039-B6E1-290F443F4E7F}
		{E312CA7D-D991-418E-96A9-1AF2287D42EC} = {F4F890D5-B9BC-410E-A3F5-17F19FCFD2A3}
		{F7F9B800-BF58-4C3F-86CD-1B9F582F6593} = {B1B9EFA7-AF81-4671-B557-C11E5E5D1C0F}
		{D217A574-E68C-4071-8A10-D4334677C078} = {B1B9EFA7-AF81-4671-B557-C11E5E5D1C0F}
		{6B4F9F51-6504-4E58-A70C-3B83B3A154A8} = {B1B9EFA7-AF81-4671-B557-C11E5E5D1C0F}
		{E9FE0346-31F3-4341-BAA1-40E67120C9AB} = {65F44DA1-F672-4D01-AB59-2A90DFEC02D2}
		{FDF203FC-2339-4083-93D1-DADD53EE0D68} = {65F44DA1-F672-4D01-AB59-2A90DFEC02D2}
		{FF57EF49-9839-4834-8353-05DB68F58EB3} = {65F44DA1-F672-4D01-AB59-2A90DFEC02D2}
		{F1166116-1855-4348-AF62-67E5E641D575} = {03691991-361B-4B74-895D-DB4201A08014}
		{8C321D4D-F7CB-4A06-A62A-A9BF15ED5358} = {03691991-361B-4B74-895D-DB4201A08014}
		{DAF1A1B2-5F57-46B3-9526-92166816E666} = {03691991-361B-4B74-895D-DB4201A08014}
		{BF03EB7B-66AF-49FB-86E7-367C5370F5F2} = {ECA53B30-4BE0-4DC9-ACEF-5B3AEE67CC76}
	EndGlobalSection
EndGlobal
